name: base-lock
components:
- id: main
  capabilities:
  - id: lock
    version: 1
  #
  - id: insideimage13541.newLockGetUser
    version: 1
  - id: insideimage13541.newLockGetPin
    version: 1
  - id: insideimage13541.newLockGetWeekSchedule
    version: 1
  - id: insideimage13541.newLockGetYearSchedule
    version: 1
  #
  - id: insideimage13541.newLockWithPin
    version: 1
  #
  - id: insideimage13541.newLockAddUser
    version: 1
  - id: insideimage13541.newLockClearUser
    version: 1
  - id: insideimage13541.newLockModifyUser
    version: 1
  #
  - id: insideimage13541.newLockAddPin
    version: 1
  - id: insideimage13541.newLockClearPin
    version: 1
  - id: insideimage13541.newLockModifyPin
    version: 1
  #
  - id: insideimage13541.newLockAddWeekSchedule
    version: 1
  - id: insideimage13541.newLockClearWeekSchedule
    version: 1
  #
  - id: insideimage13541.newLockAddYearSchedule
    version: 1
  - id: insideimage13541.newLockClearYearSchedule
    version: 1
  # - id: insideimage13541.lockStatus1
  #   version: 1
  # - id: insideimage13541.lockStatusForPin1
  #   version: 1
  # - id: insideimage13541.lockStatusForUser3
  #   version: 1
  # - id: tamperAlert
  #   version: 1
  - id: firmwareUpdate
    version: 1
  - id: refresh
    version: 1
  categories:
  - name: SmartLock